# This file is autogenerated, do not edit; changes may be undone by the next 'dep ensure'.


[[projects]]
  branch = "master"
  digest = "1:210dd3b6f30ebc5ff2e0b4795b5141ee4578c29b38df0326fb140863d45c01fa"
  name = "github.com/creack/goselect"
  packages = ["."]
  pruneopts = "UT"
  revision = "58854f77ee8d858ce751b0a9bcc5533fef7bfa9e"

[[projects]]
  branch = "master"
  digest = "1:e651771dc87ec05a7559d21111ce64c1372cdce0393bf5d8845ed151cef26bc4"
  name = "github.com/msyrus/go"
  packages = ["http"]
  pruneopts = "UT"
  revision = "b39284d92e3ed6aa31263cefacf15f1c8089f420"

[[projects]]
  branch = "master"
  digest = "1:177147c6beea9efbe2e2f58b17ff1686f084ac7d7f4b6a36e085f8cb98e106a0"
  name = "go.bug.st/serial.v1"
  packages = [
    ".",
    "unixutils",
  ]
  pruneopts = "UT"
  revision = "5f7892a7bb453066bdc6683b9b5d24d9dee03ec1"

[[projects]]
  branch = "master"
  digest = "1:6a875550c3b582f6c2d7e2ce44aba792511f00016d7c46b0a4fb26f730ef3058"
  name = "golang.org/x/sys"
  packages = [
    "unix",
    "windows",
  ]
  pruneopts = "UT"
  revision = "66b7b1311ac80bbafcd2daeef9a5e6e2cd1e2399"

[solve-meta]
  analyzer-name = "dep"
  analyzer-version = 1
  input-imports = [
    "github.com/msyrus/go/http",
    "go.bug.st/serial.v1",
  ]
  solver-name = "gps-cdcl"
  solver-version = 1
